
Microsoft Visual Studio Solution File, Format Version 12.00
# Visual Studio 15
VisualStudioVersion = 15.0.27130.2024
MinimumVisualStudioVersion = 10.0.40219.1
Project("{FAE04EC0-301F-11D3-BF4B-00C04F79EFBC}") = "Logger", "Exercise_01-Solid\Logger.csproj", "{D1C83327-5235-481B-A076-B5D32F1E97B5}"
EndProject
Global
	GlobalSection(SolutionConfigurationPlatforms) = preSolution
		Debug|Any CPU = Debug|Any CPU
		Release|Any CPU = Release|Any CPU
	EndGlobalSection
	GlobalSection(ProjectConfigurationPlatforms) = postSolution
		{D1C83327-5235-481B-A076-B5D32F1E97B5}.Debug|Any CPU.ActiveCfg = Debug|Any CPU
		{D1C83327-5235-481B-A076-B5D32F1E97B5}.Debug|Any CPU.Build.0 = Debug|Any CPU
		{D1C83327-5235-481B-A076-B5D32F1E97B5}.Release|Any CPU.ActiveCfg = Release|Any CPU
		{D1C83327-5235-481B-A076-B5D32F1E97B5}.Release|Any CPU.Build.0 = Release|Any CPU
	EndGlobalSection
	GlobalSection(SolutionProperties) = preSolution
		HideSolutionNode = FALSE
	EndGlobalSection
	GlobalSection(ExtensibilityGlobals) = postSolution
		SolutionGuid = {9D8D8A10-0196-4278-BCCD-F340271D4C86}
	EndGlobalSection
EndGlobal
