
Microsoft Visual Studio Solution File, Format Version 12.00
# Visual Studio 15
VisualStudioVersion = 15.0.27130.2024
MinimumVisualStudioVersion = 10.0.40219.1
Project("{9A19103F-16F7-4668-BE54-9A1E7A4F7556}") = "P01_Stealer", "P01_Stealer\P01_Stealer.csproj", "{5D5F53E2-48B1-4500-8492-CB3E1CA24373}"
EndProject
Project("{FAE04EC0-301F-11D3-BF4B-00C04F79EFBC}") = "Part_02-Attributes", "Part_02-Attributes\Part_02-Attributes.csproj", "{57791DD8-95A1-437D-AF86-4088C93E822F}"
EndProject
Global
	GlobalSection(SolutionConfigurationPlatforms) = preSolution
		Debug|Any CPU = Debug|Any CPU
		Release|Any CPU = Release|Any CPU
	EndGlobalSection
	GlobalSection(ProjectConfigurationPlatforms) = postSolution
		{5D5F53E2-48B1-4500-8492-CB3E1CA24373}.Debug|Any CPU.ActiveCfg = Debug|Any CPU
		{5D5F53E2-48B1-4500-8492-CB3E1CA24373}.Debug|Any CPU.Build.0 = Debug|Any CPU
		{5D5F53E2-48B1-4500-8492-CB3E1CA24373}.Release|Any CPU.ActiveCfg = Release|Any CPU
		{5D5F53E2-48B1-4500-8492-CB3E1CA24373}.Release|Any CPU.Build.0 = Release|Any CPU
		{57791DD8-95A1-437D-AF86-4088C93E822F}.Debug|Any CPU.ActiveCfg = Debug|Any CPU
		{57791DD8-95A1-437D-AF86-4088C93E822F}.Debug|Any CPU.Build.0 = Debug|Any CPU
		{57791DD8-95A1-437D-AF86-4088C93E822F}.Release|Any CPU.ActiveCfg = Release|Any CPU
		{57791DD8-95A1-437D-AF86-4088C93E822F}.Release|Any CPU.Build.0 = Release|Any CPU
	EndGlobalSection
	GlobalSection(SolutionProperties) = preSolution
		HideSolutionNode = FALSE
	EndGlobalSection
	GlobalSection(ExtensibilityGlobals) = postSolution
		SolutionGuid = {BD6A795B-059C-4E37-884C-01B68E102CB8}
	EndGlobalSection
EndGlobal
