
Microsoft Visual Studio Solution File, Format Version 12.00
# Visual Studio 15
VisualStudioVersion = 15.0.27130.2024
MinimumVisualStudioVersion = 10.0.40219.1
Project("{9A19103F-16F7-4668-BE54-9A1E7A4F7556}") = "DungeonsAndCodeWizards", "Structure_Skeleton (.NET Core)\DungeonsAndCodeWizards.csproj", "{B5741628-5FCC-4FCA-ADE8-4622542586DD}"
EndProject
Global
	GlobalSection(SolutionConfigurationPlatforms) = preSolution
		Debug|Any CPU = Debug|Any CPU
		Release|Any CPU = Release|Any CPU
	EndGlobalSection
	GlobalSection(ProjectConfigurationPlatforms) = postSolution
		{B5741628-5FCC-4FCA-ADE8-4622542586DD}.Debug|Any CPU.ActiveCfg = Debug|Any CPU
		{B5741628-5FCC-4FCA-ADE8-4622542586DD}.Debug|Any CPU.Build.0 = Debug|Any CPU
		{B5741628-5FCC-4FCA-ADE8-4622542586DD}.Release|Any CPU.ActiveCfg = Release|Any CPU
		{B5741628-5FCC-4FCA-ADE8-4622542586DD}.Release|Any CPU.Build.0 = Release|Any CPU
	EndGlobalSection
	GlobalSection(SolutionProperties) = preSolution
		HideSolutionNode = FALSE
	EndGlobalSection
	GlobalSection(ExtensibilityGlobals) = postSolution
		SolutionGuid = {B4DF17FE-3378-417D-87F3-3FF653A8C5A3}
	EndGlobalSection
EndGlobal
